
Microsoft Visual Studio Solution File, Format Version 12.00
# Visual Studio Version 17
VisualStudioVersion = 17.11.35303.130
MinimumVisualStudioVersion = 10.0.40219.1
Project("{8BC9CEB8-8B4A-11D0-8D11-00A0C91BC942}") = "do-not-close", "do-not-close\do-not-close.vcxproj", "{FD7EECA7-E25C-4B0B-862D-7F320DE7292E}"
EndProject
Project("{8BC9CEB8-8B4A-11D0-8D11-00A0C91BC942}") = "DisableCloseButton", "DisableCloseButton\DisableCloseButton.vcxproj", "{52163913-7706-429A-BE68-64E9EFC693D5}"
EndProject
Project("{8BC9CEB8-8B4A-11D0-8D11-00A0C91BC942}") = "EnableCloseButton", "EnableCloseButton\EnableCloseButton.vcxproj", "{6C5D496A-86B8-421F-AA86-B1E7CEEEE49B}"
EndProject
Project("{8BC9CEB8-8B4A-11D0-8D11-00A0C91BC942}") = "CommonLibrary", "CommonLibrary\CommonLibrary.vcxproj", "{BF89E7C6-0869-449D-8818-D9252A065EA3}"
EndProject
Global
	GlobalSection(SolutionConfigurationPlatforms) = preSolution
		Debug|x64 = Debug|x64
		Debug|x86 = Debug|x86
		Release|x64 = Release|x64
		Release|x86 = Release|x86
	EndGlobalSection
	GlobalSection(ProjectConfigurationPlatforms) = postSolution
		{FD7EECA7-E25C-4B0B-862D-7F320DE7292E}.Debug|x64.ActiveCfg = Debug|x64
		{FD7EECA7-E25C-4B0B-862D-7F320DE7292E}.Debug|x64.Build.0 = Debug|x64
		{FD7EECA7-E25C-4B0B-862D-7F320DE7292E}.Debug|x86.ActiveCfg = Debug|Win32
		{FD7EECA7-E25C-4B0B-862D-7F320DE7292E}.Debug|x86.Build.0 = Debug|Win32
		{FD7EECA7-E25C-4B0B-862D-7F320DE7292E}.Release|x64.ActiveCfg = Release|x64
		{FD7EECA7-E25C-4B0B-862D-7F320DE7292E}.Release|x64.Build.0 = Release|x64
		{FD7EECA7-E25C-4B0B-862D-7F320DE7292E}.Release|x86.ActiveCfg = Release|Win32
		{FD7EECA7-E25C-4B0B-862D-7F320DE7292E}.Release|x86.Build.0 = Release|Win32
		{52163913-7706-429A-BE68-64E9EFC693D5}.Debug|x64.ActiveCfg = Debug|x64
		{52163913-7706-429A-BE68-64E9EFC693D5}.Debug|x64.Build.0 = Debug|x64
		{52163913-7706-429A-BE68-64E9EFC693D5}.Debug|x86.ActiveCfg = Debug|Win32
		{52163913-7706-429A-BE68-64E9EFC693D5}.Debug|x86.Build.0 = Debug|Win32
		{52163913-7706-429A-BE68-64E9EFC693D5}.Release|x64.ActiveCfg = Release|x64
		{52163913-7706-429A-BE68-64E9EFC693D5}.Release|x64.Build.0 = Release|x64
		{52163913-7706-429A-BE68-64E9EFC693D5}.Release|x86.ActiveCfg = Release|Win32
		{52163913-7706-429A-BE68-64E9EFC693D5}.Release|x86.Build.0 = Release|Win32
		{6C5D496A-86B8-421F-AA86-B1E7CEEEE49B}.Debug|x64.ActiveCfg = Debug|x64
		{6C5D496A-86B8-421F-AA86-B1E7CEEEE49B}.Debug|x64.Build.0 = Debug|x64
		{6C5D496A-86B8-421F-AA86-B1E7CEEEE49B}.Debug|x86.ActiveCfg = Debug|Win32
		{6C5D496A-86B8-421F-AA86-B1E7CEEEE49B}.Debug|x86.Build.0 = Debug|Win32
		{6C5D496A-86B8-421F-AA86-B1E7CEEEE49B}.Release|x64.ActiveCfg = Release|x64
		{6C5D496A-86B8-421F-AA86-B1E7CEEEE49B}.Release|x64.Build.0 = Release|x64
		{6C5D496A-86B8-421F-AA86-B1E7CEEEE49B}.Release|x86.ActiveCfg = Release|Win32
		{6C5D496A-86B8-421F-AA86-B1E7CEEEE49B}.Release|x86.Build.0 = Release|Win32
		{BF89E7C6-0869-449D-8818-D9252A065EA3}.Debug|x64.ActiveCfg = Debug|x64
		{BF89E7C6-0869-449D-8818-D9252A065EA3}.Debug|x64.Build.0 = Debug|x64
		{BF89E7C6-0869-449D-8818-D9252A065EA3}.Debug|x86.ActiveCfg = Debug|Win32
		{BF89E7C6-0869-449D-8818-D9252A065EA3}.Debug|x86.Build.0 = Debug|Win32
		{BF89E7C6-0869-449D-8818-D9252A065EA3}.Release|x64.ActiveCfg = Release|x64
		{BF89E7C6-0869-449D-8818-D9252A065EA3}.Release|x64.Build.0 = Release|x64
		{BF89E7C6-0869-449D-8818-D9252A065EA3}.Release|x86.ActiveCfg = Release|Win32
		{BF89E7C6-0869-449D-8818-D9252A065EA3}.Release|x86.Build.0 = Release|Win32
	EndGlobalSection
	GlobalSection(SolutionProperties) = preSolution
		HideSolutionNode = FALSE
	EndGlobalSection
	GlobalSection(ExtensibilityGlobals) = postSolution
		SolutionGuid = {55D093D8-7741-4C98-A0BE-7B6C908D7CEA}
	EndGlobalSection
EndGlobal
